{
  "name": "frontend",
  "version": "1.0.0",
  "lockfileVersion": 3,
  "requires": true,
  "packages": {
    "": {
      "name": "frontend",
      "version": "1.0.0",
      "dependencies": {
        "react": "^18.2.0",
        "react-dom": "^18.2.0",
        "antd": "^5.16.1"
      }
    },
    "node_modules/react": {
      "version": "18.2.0",
      "resolved": "https://registry.npmjs.org/react/-/react-18.2.0.tgz",
      "integrity": "sha512-4e80Upk+Q8w8f5vFQZs0ODSXbXlwVZR9XxV4K3ZGP2FmaRtZl6GTFmNSzTjMVIuXxR4XhX9R+suXZLKkFk0Kg=="
    }
  }
}
